
Microsoft Visual Studio Solution File, Format Version 12.00
# Visual Studio Version 16
VisualStudioVersion = 16.0.31910.168
MinimumVisualStudioVersion = 10.0.40219.1
Project("{FAE04EC0-301F-11D3-BF4B-00C04F79EFBC}") = "TreinaWeb.Musicas.Web", "TreinaWeb.Musicas.Web\TreinaWeb.Musicas.Web.csproj", "{667219FF-120F-4850-B354-008B8D325F67}"
EndProject
Project("{2150E333-8FDC-42A3-9474-1A3956D46DE8}") = "Acesso a Dados", "Acesso a Dados", "{F4ED0080-E9C0-42D3-9C82-A14F45E4984B}"
EndProject
Project("{2150E333-8FDC-42A3-9474-1A3956D46DE8}") = "Dominio", "Dominio", "{FAFC7CCD-992D-4655-B551-11BB923B7C32}"
EndProject
Project("{FAE04EC0-301F-11D3-BF4B-00C04F79EFBC}") = "TreinaWeb.Musicas.Dominio", "TreinaWeb.Musicas.Dominio\TreinaWeb.Musicas.Dominio.csproj", "{92989749-F462-42AF-8DCA-9E14E1F2275A}"
EndProject
Project("{FAE04EC0-301F-11D3-BF4B-00C04F79EFBC}") = "TreinaWeb.Musicas.AcessoDados.Entity", "TreinaWeb.Musicas.AcessoDados.Entity\TreinaWeb.Musicas.AcessoDados.Entity.csproj", "{9D5B4D37-B9BF-4A27-8381-B775611E1FAE}"
EndProject
Project("{FAE04EC0-301F-11D3-BF4B-00C04F79EFBC}") = "TreinaWeb.Comum.Entity", "TreinaWeb.Comum.Entity\TreinaWeb.Comum.Entity.csproj", "{4F8A7F8A-05F2-4F90-A98E-7F6AF75FAC34}"
EndProject
Project("{2150E333-8FDC-42A3-9474-1A3956D46DE8}") = "Repositorios", "Repositorios", "{E725F2A4-5483-44DA-9282-40EB38398FAB}"
EndProject
Project("{FAE04EC0-301F-11D3-BF4B-00C04F79EFBC}") = "TreinaWeb.Repositorios.Comum", "TreinaWeb.Repositorios.Comum\TreinaWeb.Repositorios.Comum.csproj", "{26EE93D9-5017-4EBC-8F27-A465C6B2B0D0}"
EndProject
Project("{FAE04EC0-301F-11D3-BF4B-00C04F79EFBC}") = "TreinaWeb.Repositorios.Comum.Entity", "TreinaWeb.Repositorios.Comum.Entity\TreinaWeb.Repositorios.Comum.Entity.csproj", "{97A7587E-2C18-4A1D-AAD8-65B728340129}"
EndProject
Global
	GlobalSection(SolutionConfigurationPlatforms) = preSolution
		Debug|Any CPU = Debug|Any CPU
		Release|Any CPU = Release|Any CPU
	EndGlobalSection
	GlobalSection(ProjectConfigurationPlatforms) = postSolution
		{667219FF-120F-4850-B354-008B8D325F67}.Debug|Any CPU.ActiveCfg = Debug|Any CPU
		{667219FF-120F-4850-B354-008B8D325F67}.Debug|Any CPU.Build.0 = Debug|Any CPU
		{667219FF-120F-4850-B354-008B8D325F67}.Release|Any CPU.ActiveCfg = Release|Any CPU
		{667219FF-120F-4850-B354-008B8D325F67}.Release|Any CPU.Build.0 = Release|Any CPU
		{92989749-F462-42AF-8DCA-9E14E1F2275A}.Debug|Any CPU.ActiveCfg = Debug|Any CPU
		{92989749-F462-42AF-8DCA-9E14E1F2275A}.Debug|Any CPU.Build.0 = Debug|Any CPU
		{92989749-F462-42AF-8DCA-9E14E1F2275A}.Release|Any CPU.ActiveCfg = Release|Any CPU
		{92989749-F462-42AF-8DCA-9E14E1F2275A}.Release|Any CPU.Build.0 = Release|Any CPU
		{9D5B4D37-B9BF-4A27-8381-B775611E1FAE}.Debug|Any CPU.ActiveCfg = Debug|Any CPU
		{9D5B4D37-B9BF-4A27-8381-B775611E1FAE}.Debug|Any CPU.Build.0 = Debug|Any CPU
		{9D5B4D37-B9BF-4A27-8381-B775611E1FAE}.Release|Any CPU.ActiveCfg = Release|Any CPU
		{9D5B4D37-B9BF-4A27-8381-B775611E1FAE}.Release|Any CPU.Build.0 = Release|Any CPU
		{4F8A7F8A-05F2-4F90-A98E-7F6AF75FAC34}.Debug|Any CPU.ActiveCfg = Debug|Any CPU
		{4F8A7F8A-05F2-4F90-A98E-7F6AF75FAC34}.Debug|Any CPU.Build.0 = Debug|Any CPU
		{4F8A7F8A-05F2-4F90-A98E-7F6AF75FAC34}.Release|Any CPU.ActiveCfg = Release|Any CPU
		{4F8A7F8A-05F2-4F90-A98E-7F6AF75FAC34}.Release|Any CPU.Build.0 = Release|Any CPU
		{26EE93D9-5017-4EBC-8F27-A465C6B2B0D0}.Debug|Any CPU.ActiveCfg = Debug|Any CPU
		{26EE93D9-5017-4EBC-8F27-A465C6B2B0D0}.Debug|Any CPU.Build.0 = Debug|Any CPU
		{26EE93D9-5017-4EBC-8F27-A465C6B2B0D0}.Release|Any CPU.ActiveCfg = Release|Any CPU
		{26EE93D9-5017-4EBC-8F27-A465C6B2B0D0}.Release|Any CPU.Build.0 = Release|Any CPU
		{97A7587E-2C18-4A1D-AAD8-65B728340129}.Debug|Any CPU.ActiveCfg = Debug|Any CPU
		{97A7587E-2C18-4A1D-AAD8-65B728340129}.Debug|Any CPU.Build.0 = Debug|Any CPU
		{97A7587E-2C18-4A1D-AAD8-65B728340129}.Release|Any CPU.ActiveCfg = Release|Any CPU
		{97A7587E-2C18-4A1D-AAD8-65B728340129}.Release|Any CPU.Build.0 = Release|Any CPU
	EndGlobalSection
	GlobalSection(SolutionProperties) = preSolution
		HideSolutionNode = FALSE
	EndGlobalSection
	GlobalSection(NestedProjects) = preSolution
		{92989749-F462-42AF-8DCA-9E14E1F2275A} = {FAFC7CCD-992D-4655-B551-11BB923B7C32}
		{9D5B4D37-B9BF-4A27-8381-B775611E1FAE} = {F4ED0080-E9C0-42D3-9C82-A14F45E4984B}
		{4F8A7F8A-05F2-4F90-A98E-7F6AF75FAC34} = {F4ED0080-E9C0-42D3-9C82-A14F45E4984B}
		{26EE93D9-5017-4EBC-8F27-A465C6B2B0D0} = {E725F2A4-5483-44DA-9282-40EB38398FAB}
		{97A7587E-2C18-4A1D-AAD8-65B728340129} = {E725F2A4-5483-44DA-9282-40EB38398FAB}
	EndGlobalSection
	GlobalSection(ExtensibilityGlobals) = postSolution
		SolutionGuid = {5AAB96A8-EEA4-428D-A798-6BB86805FAFE}
	EndGlobalSection
EndGlobal
